github.com/kr/pretty v0.2.1 h1:Fmg33tUaq4/8ym9TJN1x7sLJnHVwhP33CNkpYV/7rwI=
github.com/kr/pretty v0.2.1/go.mod h1:ipq/a2n7PKx3OHsz4KJII5eveXtPO4qwEXGdVfWzfnI=
github.com/kr/pty v1.1.1/go.mod h1:pFQYn66WHrOpPYNljwOMqo10TkYh1fy3cYio2l3bCsQ=
github.com/kr/text v0.1.0 h1:45sCR5RtlFHMR4UwH9sdQ5TC8v0qDQCHnXt+kaKSTVE=
github.com/kr/text v0.1.0/go.mod h1:4Jbv+DJW3UT/LiOwJeYQe1efqtUx/iVham/4vfdArNI=
github.com/mitchellh/go-ps v1.0.0 h1:i6ampVEEF4wQFF+bkYfwYgY+F/uYJDktmvLPf7qIgjc=
github.com/mitchellh/go-ps v1.0.0/go.mod h1:J4lOc8z8yJs6vUwklHw2XEIiT4z4C40KtWVN3nvg8Pg=
github.com/satori/go.uuid v1.2.0 h1:0uYX9dsZ2yD7q2RtLRtPSdGDWzjeM3TbMJP9utgA0ww=
github.com/satori/go.uuid v1.2.0/go.mod h1:dA0hQrYB0VpLJoorglMZABFdXlWrHn1NEOzdhQKdks0=
github.com/yosuke-furukawa/json5 v0.1.1 h1:0F9mNwTvOuDNH243hoPqvf+dxa5QsKnZzU20uNsh3ZI=
github.com/yosuke-furukawa/json5 v0.1.1/go.mod h1:sw49aWDqNdRJ6DYUtIQiaA3xyj2IL9tjeNYmX2ixwcU=
golang.org/x/sys v0.0.0-20210113181707-4bcb84eeeb78 h1:nVuTkr9L6Bq62qpUqKo/RnZCFfzDBL0bYo6w9OJUqZY=
golang.org/x/sys v0.0.0-20210113181707-4bcb84eeeb78/go.mod h1:h1NjWce9XRLGQEsW7wpKNCjG9DtNlClVuFLEZdDNbEs=
golang.org/x/text v0.3.6 h1:aRYxNxv6iGQlyVaZmk6ZgYEDa+Jg18DxebPSrd6bg1M=
golang.org/x/text v0.3.6/go.mod h1:5Zoc/QRtKVWzQhOtBMvqHzDpF6irO9z98xDceosuGiQ=
golang.org/x/tools v0.0.0-20180917221912-90fa682c2a6e/go.mod h1:n7NCudcB/nEzxVGmLbDWY5pfWTLqBcC2KZ6jyYvM4mQ=
gopkg.in/check.v1 v1.0.0-20201130134442-10cb98267c6c h1:Hei/4ADfdWqJk1ZMxUNpqntNwaWcugrBjAiHlqqRiVk=
gopkg.in/check.v1 v1.0.0-20201130134442-10cb98267c6c/go.mod h1:JHkPIbrfpd72SG/EVd6muEfDQjcINNoR0C8j2r3qZ4Q=
